filippo.io/edwards25519 v1.2.0 h1:crnVqOiS4jqYleHd9vaKZ+HKtHfllngJIiOpNpoJsjo=
filippo.io/edwards25519 v1.2.0/go.mod h1:xzAOLCNug/yB62zG1bQ8uziwrIqIuxhctzJT18Q77mc=
github.com/go-sql-driver/mysql v1.10.0 h1:Q+1LV8DkHJvSYAdR83XzuhDaTykuDx0l6fkXxoWCWfw=
github.com/go-sql-driver/mysql v1.10.0/go.mod h1:M+cqaI7+xxXGG9swrdeUIoPG3Y3KCkF0pZej+SK+nWk=
github.com/k4k3ru-hub/storage/go/internal v0.0.0-20260806012400-d57859e0df2f h1:EezsWARShpM8z2HWzCgUik1QD/pOBDgWO9xzRsfO36U=
github.com/k4k3ru-hub/storage/go/internal v0.0.0-20260806012400-d57859e0df2f/go.mod h1:OikyhkjMCD4D4gacjtGJmCFS7Qlfv0RBAfVebSjfMmE=
github.com/k4k3ru-hub/storage/go/mysql/internal/validator v0.0.0-20260806012400-d57859e0df2f h1:KOyE3W47/8ufJ8NbI9F+PwK5Ts8KVscfzOVspB2sYJs=
github.com/k4k3ru-hub/storage/go/mysql/internal/validator v0.0.0-20260806012400-d57859e0df2f/go.mod h1:z7zcguj4bQ4YFwGlhp2qoMJv0LVdD0EmNAL4KDp9ATY=
